
Microsoft Visual Studio Solution File, Format Version 12.00
# Visual Studio Version 17
VisualStudioVersion = 17.14.36310.24
MinimumVisualStudioVersion = 10.0.40219.1
Project("{FAE04EC0-301F-11D3-BF4B-00C04F79EFBC}") = "CSharpAdvanceTopics", "CSharpAdvanceTopics\CSharpAdvanceTopics.csproj", "{D5071E7A-899E-4D96-AE28-0FED54C17150}"
EndProject
Project("{FAE04EC0-301F-11D3-BF4B-00C04F79EFBC}") = "CSharpAdvanceTopics.Tests", "CSharpAdvanceTopics.Tests\CSharpAdvanceTopics.Tests.csproj", "{E914782C-F4C3-4396-95CB-06A8702CB015}"
EndProject
Global
	GlobalSection(SolutionConfigurationPlatforms) = preSolution
		Debug|Any CPU = Debug|Any CPU
		Debug|x64 = Debug|x64
		Debug|x86 = Debug|x86
		Release|Any CPU = Release|Any CPU
		Release|x64 = Release|x64
		Release|x86 = Release|x86
	EndGlobalSection
	GlobalSection(ProjectConfigurationPlatforms) = postSolution
		{D5071E7A-899E-4D96-AE28-0FED54C17150}.Debug|Any CPU.ActiveCfg = Debug|Any CPU
		{D5071E7A-899E-4D96-AE28-0FED54C17150}.Debug|Any CPU.Build.0 = Debug|Any CPU
		{D5071E7A-899E-4D96-AE28-0FED54C17150}.Debug|x64.ActiveCfg = Debug|Any CPU
		{D5071E7A-899E-4D96-AE28-0FED54C17150}.Debug|x64.Build.0 = Debug|Any CPU
		{D5071E7A-899E-4D96-AE28-0FED54C17150}.Debug|x86.ActiveCfg = Debug|Any CPU
		{D5071E7A-899E-4D96-AE28-0FED54C17150}.Debug|x86.Build.0 = Debug|Any CPU
		{D5071E7A-899E-4D96-AE28-0FED54C17150}.Release|Any CPU.ActiveCfg = Release|Any CPU
		{D5071E7A-899E-4D96-AE28-0FED54C17150}.Release|Any CPU.Build.0 = Release|Any CPU
		{D5071E7A-899E-4D96-AE28-0FED54C17150}.Release|x64.ActiveCfg = Release|Any CPU
		{D5071E7A-899E-4D96-AE28-0FED54C17150}.Release|x64.Build.0 = Release|Any CPU
		{D5071E7A-899E-4D96-AE28-0FED54C17150}.Release|x86.ActiveCfg = Release|Any CPU
		{D5071E7A-899E-4D96-AE28-0FED54C17150}.Release|x86.Build.0 = Release|Any CPU
		{E914782C-F4C3-4396-95CB-06A8702CB015}.Debug|Any CPU.ActiveCfg = Debug|Any CPU
		{E914782C-F4C3-4396-95CB-06A8702CB015}.Debug|Any CPU.Build.0 = Debug|Any CPU
		{E914782C-F4C3-4396-95CB-06A8702CB015}.Debug|x64.ActiveCfg = Debug|Any CPU
		{E914782C-F4C3-4396-95CB-06A8702CB015}.Debug|x64.Build.0 = Debug|Any CPU
		{E914782C-F4C3-4396-95CB-06A8702CB015}.Debug|x86.ActiveCfg = Debug|Any CPU
		{E914782C-F4C3-4396-95CB-06A8702CB015}.Debug|x86.Build.0 = Debug|Any CPU
		{E914782C-F4C3-4396-95CB-06A8702CB015}.Release|Any CPU.ActiveCfg = Release|Any CPU
		{E914782C-F4C3-4396-95CB-06A8702CB015}.Release|Any CPU.Build.0 = Release|Any CPU
		{E914782C-F4C3-4396-95CB-06A8702CB015}.Release|x64.ActiveCfg = Release|Any CPU
		{E914782C-F4C3-4396-95CB-06A8702CB015}.Release|x64.Build.0 = Release|Any CPU
		{E914782C-F4C3-4396-95CB-06A8702CB015}.Release|x86.ActiveCfg = Release|Any CPU
		{E914782C-F4C3-4396-95CB-06A8702CB015}.Release|x86.Build.0 = Release|Any CPU
	EndGlobalSection
	GlobalSection(SolutionProperties) = preSolution
		HideSolutionNode = FALSE
	EndGlobalSection
	GlobalSection(ExtensibilityGlobals) = postSolution
		SolutionGuid = {D0B60740-DCC5-4BEE-BD2A-08A622948ED4}
	EndGlobalSection
EndGlobal
